// !$*UTF8*$!
{
	archiveVersion = 1;
	classes = {
	};
	objectVersion = 46;
	objects = {

/* Begin PBXBuildFile section */
		FA6170A919569C9E001F33BB /* Node.swift in Sources */ = {isa = PBXBuildFile; fileRef = FA6170A819569C9E001F33BB /* Node.swift */; };
		FA6170AE19569CF0001F33BB /* ListNode.swift in Sources */ = {isa = PBXBuildFile; fileRef = FA6170AD19569CF0001F33BB /* ListNode.swift */; };
		FA6170B019569CFB001F33BB /* TreeNode.swift in Sources */ = {isa = PBXBuildFile; fileRef = FA6170AF19569CFB001F33BB /* TreeNode.swift */; };
		FA6170B41956A5CC001F33BB /* StacksViewController.swift in Sources */ = {isa = PBXBuildFile; fileRef = FA6170B31956A5CC001F33BB /* StacksViewController.swift */; };
		FA6C0EB419568E9B004509FB /* AppDelegate.swift in Sources */ = {isa = PBXBuildFile; fileRef = FA6C0EB319568E9B004509FB /* AppDelegate.swift */; };
		FA6C0EB619568E9B004509FB /* RootViewController.swift in Sources */ = {isa = PBXBuildFile; fileRef = FA6C0EB519568E9B004509FB /* RootViewController.swift */; };
		FA6C0EB919568E9B004509FB /* Main.storyboard in Resources */ = {isa = PBXBuildFile; fileRef = FA6C0EB719568E9B004509FB /* Main.storyboard */; };
		FA6C0EBB19568E9B004509FB /* Images.xcassets in Resources */ = {isa = PBXBuildFile; fileRef = FA6C0EBA19568E9B004509FB /* Images.xcassets */; };
		FA6C0EC719568E9B004509FB /* Swift_Sorcerers_ApprenticeTests.swift in Sources */ = {isa = PBXBuildFile; fileRef = FA6C0EC619568E9B004509FB /* Swift_Sorcerers_ApprenticeTests.swift */; };
/* End PBXBuildFile section */

/* Begin PBXContainerItemProxy section */
		FA6C0EC119568E9B004509FB /* PBXContainerItemProxy */ = {
			isa = PBXContainerItemProxy;
			containerPortal = FA6C0EA619568E9B004509FB /* Project object */;
			proxyType = 1;
			remoteGlobalIDString = FA6C0EAD19568E9B004509FB;
			remoteInfo = "Swift Sorcerers Apprentice";
		};
/* End PBXContainerItemProxy section */

/* Begin PBXFileReference section */
		FA6170A819569C9E001F33BB /* Node.swift */ = {isa = PBXFileReference; fileEncoding = 4; lastKnownFileType = sourcecode.swift; path = Node.swift; sourceTree = "<group>"; };
		FA6170AD19569CF0001F33BB /* ListNode.swift */ = {isa = PBXFileReference; fileEncoding = 4; lastKnownFileType = sourcecode.swift; path = ListNode.swift; sourceTree = "<group>"; };
		FA6170AF19569CFB001F33BB /* TreeNode.swift */ = {isa = PBXFileReference; fileEncoding = 4; lastKnownFileType = sourcecode.swift; path = TreeNode.swift; sourceTree = "<group>"; };
		FA6170B31956A5CC001F33BB /* StacksViewController.swift */ = {isa = PBXFileReference; fileEncoding = 4; lastKnownFileType = sourcecode.swift; path = StacksViewController.swift; sourceTree = "<group>"; };
		FA6C0EAE19568E9B004509FB /* Swift Sorcerers Apprentice.app */ = {isa = PBXFileReference; explicitFileType = wrapper.application; includeInIndex = 0; path = "Swift Sorcerers Apprentice.app"; sourceTree = BUILT_PRODUCTS_DIR; };
		FA6C0EB219568E9B004509FB /* Info.plist */ = {isa = PBXFileReference; lastKnownFileType = text.plist.xml; path = Info.plist; sourceTree = "<group>"; };
		FA6C0EB319568E9B004509FB /* AppDelegate.swift */ = {isa = PBXFileReference; lastKnownFileType = sourcecode.swift; path = AppDelegate.swift; sourceTree = "<group>"; };
		FA6C0EB519568E9B004509FB /* RootViewController.swift */ = {isa = PBXFileReference; lastKnownFileType = sourcecode.swift; path = RootViewController.swift; sourceTree = "<group>"; };
		FA6C0EB819568E9B004509FB /* Base */ = {isa = PBXFileReference; lastKnownFileType = file.storyboard; name = Base; path = Base.lproj/Main.storyboard; sourceTree = "<group>"; };
		FA6C0EBA19568E9B004509FB /* Images.xcassets */ = {isa = PBXFileReference; lastKnownFileType = folder.assetcatalog; path = Images.xcassets; sourceTree = "<group>"; };
		FA6C0EC019568E9B004509FB /* Swift Sorcerers ApprenticeTests.xctest */ = {isa = PBXFileReference; explicitFileType = wrapper.cfbundle; includeInIndex = 0; path = "Swift Sorcerers ApprenticeTests.xctest"; sourceTree = BUILT_PRODUCTS_DIR; };
		FA6C0EC519568E9B004509FB /* Info.plist */ = {isa = PBXFileReference; lastKnownFileType = text.plist.xml; path = Info.plist; sourceTree = "<group>"; };
		FA6C0EC619568E9B004509FB /* Swift_Sorcerers_ApprenticeTests.swift */ = {isa = PBXFileReference; lastKnownFileType = sourcecode.swift; path = Swift_Sorcerers_ApprenticeTests.swift; sourceTree = "<group>"; };
/* End PBXFileReference section */

/* Begin PBXFrameworksBuildPhase section */
		FA6C0EAB19568E9B004509FB /* Frameworks */ = {
			isa = PBXFrameworksBuildPhase;
			buildActionMask = 2147483647;
			files = (
			);
			runOnlyForDeploymentPostprocessing = 0;
		};
		FA6C0EBD19568E9B004509FB /* Frameworks */ = {
			isa = PBXFrameworksBuildPhase;
			buildActionMask = 2147483647;
			files = (
			);
			runOnlyForDeploymentPostprocessing = 0;
		};
/* End PBXFrameworksBuildPhase section */

/* Begin PBXGroup section */
		FA6170AA19569CA6001F33BB /* Model */ = {
			isa = PBXGroup;
			children = (
				FA6170A819569C9E001F33BB /* Node.swift */,
				FA6170AD19569CF0001F33BB /* ListNode.swift */,
				FA6170AF19569CFB001F33BB /* TreeNode.swift */,
			);
			name = Model;
			sourceTree = "<group>";
		};
		FA6170AB19569CB8001F33BB /* View */ = {
			isa = PBXGroup;
			children = (
				FA6C0EB719568E9B004509FB /* Main.storyboard */,
			);
			name = View;
			sourceTree = "<group>";
		};
		FA6170AC19569CC0001F33BB /* Controller */ = {
			isa = PBXGroup;
			children = (
				FA6C0EB319568E9B004509FB /* AppDelegate.swift */,
				FA6C0EB519568E9B004509FB /* RootViewController.swift */,
				FA6170B31956A5CC001F33BB /* StacksViewController.swift */,
			);
			name = Controller;
			sourceTree = "<group>";
		};
		FA6C0EA519568E9B004509FB = {
			isa = PBXGroup;
			children = (
				FA6C0EB019568E9B004509FB /* Swift Sorcerers Apprentice */,
				FA6C0EC319568E9B004509FB /* Swift Sorcerers ApprenticeTests */,
				FA6C0EAF19568E9B004509FB /* Products */,
			);
			sourceTree = "<group>";
		};
		FA6C0EAF19568E9B004509FB /* Products */ = {
			isa = PBXGroup;
			children = (
				FA6C0EAE19568E9B004509FB /* Swift Sorcerers Apprentice.app */,
				FA6C0EC019568E9B004509FB /* Swift Sorcerers ApprenticeTests.xctest */,
			);
			name = Products;
			sourceTree = "<group>";
		};
		FA6C0EB019568E9B004509FB /* Swift Sorcerers Apprentice */ = {
			isa = PBXGroup;
			children = (
				FA6170AC19569CC0001F33BB /* Controller */,
				FA6170AB19569CB8001F33BB /* View */,
				FA6170AA19569CA6001F33BB /* Model */,
				FA6C0EBA19568E9B004509FB /* Images.xcassets */,
				FA6C0EB119568E9B004509FB /* Supporting Files */,
			);
			path = "Swift Sorcerers Apprentice";
			sourceTree = "<group>";
		};
		FA6C0EB119568E9B004509FB /* Supporting Files */ = {
			isa = PBXGroup;
			children = (
				FA6C0EB219568E9B004509FB /* Info.plist */,
			);
			name = "Supporting Files";
			sourceTree = "<group>";
		};
		FA6C0EC319568E9B004509FB /* Swift Sorcerers ApprenticeTests */ = {
			isa = PBXGroup;
			children = (
				FA6C0EC619568E9B004509FB /* Swift_Sorcerers_ApprenticeTests.swift */,
				FA6C0EC419568E9B004509FB /* Supporting Files */,
			);
			path = "Swift Sorcerers ApprenticeTests";
			sourceTree = "<group>";
		};
		FA6C0EC419568E9B004509FB /* Supporting Files */ = {
			isa = PBXGroup;
			children = (
				FA6C0EC519568E9B004509FB /* Info.plist */,
			);
			name = "Supporting Files";
			sourceTree = "<group>";
		};
/* End PBXGroup section */

/* Begin PBXNativeTarget section */
		FA6C0EAD19568E9B004509FB /* Swift Sorcerers Apprentice */ = {
			isa = PBXNativeTarget;
			buildConfigurationList = FA6C0ECA19568E9B004509FB /* Build configuration list for PBXNativeTarget "Swift Sorcerers Apprentice" */;
			buildPhases = (
				FA6C0EAA19568E9B004509FB /* Sources */,
				FA6C0EAB19568E9B004509FB /* Frameworks */,
				FA6C0EAC19568E9B004509FB /* Resources */,
			);
			buildRules = (
			);
			dependencies = (
			);
			name = "Swift Sorcerers Apprentice";
			productName = "Swift Sorcerers Apprentice";
			productReference = FA6C0EAE19568E9B004509FB /* Swift Sorcerers Apprentice.app */;
			productType = "com.apple.product-type.application";
		};
		FA6C0EBF19568E9B004509FB /* Swift Sorcerers ApprenticeTests */ = {
			isa = PBXNativeTarget;
			buildConfigurationList = FA6C0ECD19568E9B004509FB /* Build configuration list for PBXNativeTarget "Swift Sorcerers ApprenticeTests" */;
			buildPhases = (
				FA6C0EBC19568E9B004509FB /* Sources */,
				FA6C0EBD19568E9B004509FB /* Frameworks */,
				FA6C0EBE19568E9B004509FB /* Resources */,
			);
			buildRules = (
			);
			dependencies = (
				FA6C0EC219568E9B004509FB /* PBXTargetDependency */,
			);
			name = "Swift Sorcerers ApprenticeTests";
			productName = "Swift Sorcerers ApprenticeTests";
			productReference = FA6C0EC019568E9B004509FB /* Swift Sorcerers ApprenticeTests.xctest */;
			productType = "com.apple.product-type.bundle.unit-test";
		};
/* End PBXNativeTarget section */

/* Begin PBXProject section */
		FA6C0EA619568E9B004509FB /* Project object */ = {
			isa = PBXProject;
			attributes = {
				LastUpgradeCheck = 0600;
				ORGANIZATIONNAME = "Ryo Tulman";
				TargetAttributes = {
					FA6C0EAD19568E9B004509FB = {
						CreatedOnToolsVersion = 6.0;
					};
					FA6C0EBF19568E9B004509FB = {
						CreatedOnToolsVersion = 6.0;
						TestTargetID = FA6C0EAD19568E9B004509FB;
					};
				};
			};
			buildConfigurationList = FA6C0EA919568E9B004509FB /* Build configuration list for PBXProject "Swift Sorcerers Apprentice" */;
			compatibilityVersion = "Xcode 3.2";
			developmentRegion = English;
			hasScannedForEncodings = 0;
			knownRegions = (
				en,
				Base,
			);
			mainGroup = FA6C0EA519568E9B004509FB;
			productRefGroup = FA6C0EAF19568E9B004509FB /* Products */;
			projectDirPath = "";
			projectRoot = "";
			targets = (
				FA6C0EAD19568E9B004509FB /* Swift Sorcerers Apprentice */,
				FA6C0EBF19568E9B004509FB /* Swift Sorcerers ApprenticeTests */,
			);
		};
/* End PBXProject section */

/* Begin PBXResourcesBuildPhase section */
		FA6C0EAC19568E9B004509FB /* Resources */ = {
			isa = PBXResourcesBuildPhase;
			buildActionMask = 2147483647;
			files = (
				FA6C0EB919568E9B004509FB /* Main.storyboard in Resources */,
				FA6C0EBB19568E9B004509FB /* Images.xcassets in Resources */,
			);
			runOnlyForDeploymentPostprocessing = 0;
		};
		FA6C0EBE19568E9B004509FB /* Resources */ = {
			isa = PBXResourcesBuildPhase;
			buildActionMask = 2147483647;
			files = (
			);
			runOnlyForDeploymentPostprocessing = 0;
		};
/* End PBXResourcesBuildPhase section */

/* Begin PBXSourcesBuildPhase section */
		FA6C0EAA19568E9B004509FB /* Sources */ = {
			isa = PBXSourcesBuildPhase;
			buildActionMask = 2147483647;
			files = (
				FA6170A919569C9E001F33BB /* Node.swift in Sources */,
				FA6C0EB619568E9B004509FB /* RootViewController.swift in Sources */,
				FA6C0EB419568E9B004509FB /* AppDelegate.swift in Sources */,
				FA6170B019569CFB001F33BB /* TreeNode.swift in Sources */,
				FA6170AE19569CF0001F33BB /* ListNode.swift in Sources */,
				FA6170B41956A5CC001F33BB /* StacksViewController.swift in Sources */,
			);
			runOnlyForDeploymentPostprocessing = 0;
		};
		FA6C0EBC19568E9B004509FB /* Sources */ = {
			isa = PBXSourcesBuildPhase;
			buildActionMask = 2147483647;
			files = (
				FA6C0EC719568E9B004509FB /* Swift_Sorcerers_ApprenticeTests.swift in Sources */,
			);
			runOnlyForDeploymentPostprocessing = 0;
		};
/* End PBXSourcesBuildPhase section */

/* Begin PBXTargetDependency section */
		FA6C0EC219568E9B004509FB /* PBXTargetDependency */ = {
			isa = PBXTargetDependency;
			target = FA6C0EAD19568E9B004509FB /* Swift Sorcerers Apprentice */;
			targetProxy = FA6C0EC119568E9B004509FB /* PBXContainerItemProxy */;
		};
/* End PBXTargetDependency section */

/* Begin PBXVariantGroup section */
		FA6C0EB719568E9B004509FB /* Main.storyboard */ = {
			isa = PBXVariantGroup;
			children = (
				FA6C0EB819568E9B004509FB /* Base */,
			);
			name = Main.storyboard;
			sourceTree = "<group>";
		};
/* End PBXVariantGroup section */

/* Begin XCBuildConfiguration section */
		FA6C0EC819568E9B004509FB /* Debug */ = {
			isa = XCBuildConfiguration;
			buildSettings = {
				ALWAYS_SEARCH_USER_PATHS = NO;
				CLANG_CXX_LANGUAGE_STANDARD = "gnu++0x";
				CLANG_CXX_LIBRARY = "libc++";
				CLANG_ENABLE_MODULES = YES;
				CLANG_ENABLE_OBJC_ARC = YES;
				CLANG_WARN_BOOL_CONVERSION = YES;
				CLANG_WARN_CONSTANT_CONVERSION = YES;
				CLANG_WARN_DIRECT_OBJC_ISA_USAGE = YES_ERROR;
				CLANG_WARN_EMPTY_BODY = YES;
				CLANG_WARN_ENUM_CONVERSION = YES;
				CLANG_WARN_INT_CONVERSION = YES;
				CLANG_WARN_OBJC_ROOT_CLASS = YES_ERROR;
				CLANG_WARN_UNREACHABLE_CODE = YES;
				CLANG_WARN__DUPLICATE_METHOD_MATCH = YES;
				"CODE_SIGN_IDENTITY[sdk=iphoneos*]" = "iPhone Developer";
				COPY_PHASE_STRIP = NO;
				ENABLE_STRICT_OBJC_MSGSEND = YES;
				GCC_C_LANGUAGE_STANDARD = gnu99;
				GCC_DYNAMIC_NO_PIC = NO;
				GCC_OPTIMIZATION_LEVEL = 0;
				GCC_PREPROCESSOR_DEFINITIONS = (
					"DEBUG=1",
					"$(inherited)",
				);
				GCC_SYMBOLS_PRIVATE_EXTERN = NO;
				GCC_WARN_64_TO_32_BIT_CONVERSION = YES;
				GCC_WARN_ABOUT_RETURN_TYPE = YES_ERROR;
				GCC_WARN_UNDECLARED_SELECTOR = YES;
				GCC_WARN_UNINITIALIZED_AUTOS = YES_AGGRESSIVE;
				GCC_WARN_UNUSED_FUNCTION = YES;
				GCC_WARN_UNUSED_VARIABLE = YES;
				IPHONEOS_DEPLOYMENT_TARGET = 8.0;
				METAL_ENABLE_DEBUG_INFO = YES;
				ONLY_ACTIVE_ARCH = YES;
				SDKROOT = iphoneos;
				SWIFT_OPTIMIZATION_LEVEL = "-Onone";
				TARGETED_DEVICE_FAMILY = "1,2";
			};
			name = Debug;
		};
		FA6C0EC919568E9B004509FB /* Release */ = {
			isa = XCBuildConfiguration;
			buildSettings = {
				ALWAYS_SEARCH_USER_PATHS = NO;
				CLANG_CXX_LANGUAGE_STANDARD = "gnu++0x";
				CLANG_CXX_LIBRARY = "libc++";
				CLANG_ENABLE_MODULES = YES;
				CLANG_ENABLE_OBJC_ARC = YES;
				CLANG_WARN_BOOL_CONVERSION = YES;
				CLANG_WARN_CONSTANT_CONVERSION = YES;
				CLANG_WARN_DIRECT_OBJC_ISA_USAGE = YES_ERROR;
				CLANG_WARN_EMPTY_BODY = YES;
				CLANG_WARN_ENUM_CONVERSION = YES;
				CLANG_WARN_INT_CONVERSION = YES;
				CLANG_WARN_OBJC_ROOT_CLASS = YES_ERROR;
				CLANG_WARN_UNREACHABLE_CODE = YES;
				CLANG_WARN__DUPLICATE_METHOD_MATCH = YES;
				"CODE_SIGN_IDENTITY[sdk=iphoneos*]" = "iPhone Developer";
				COPY_PHASE_STRIP = YES;
				ENABLE_NS_ASSERTIONS = NO;
				ENABLE_STRICT_OBJC_MSGSEND = YES;
				GCC_C_LANGUAGE_STANDARD = gnu99;
				GCC_WARN_64_TO_32_BIT_CONVERSION = YES;
				GCC_WARN_ABOUT_RETURN_TYPE = YES_ERROR;
				GCC_WARN_UNDECLARED_SELECTOR = YES;
				GCC_WARN_UNINITIALIZED_AUTOS = YES_AGGRESSIVE;
				GCC_WARN_UNUSED_FUNCTION = YES;
				GCC_WARN_UNUSED_VARIABLE = YES;
				IPHONEOS_DEPLOYMENT_TARGET = 8.0;
				METAL_ENABLE_DEBUG_INFO = NO;
				SDKROOT = iphoneos;
				TARGETED_DEVICE_FAMILY = "1,2";
				VALIDATE_PRODUCT = YES;
			};
			name = Release;
		};
		FA6C0ECB19568E9B004509FB /* Debug */ = {
			isa = XCBuildConfiguration;
			buildSettings = {
				ASSETCATALOG_COMPILER_APPICON_NAME = AppIcon;
				ASSETCATALOG_COMPILER_LAUNCHIMAGE_NAME = LaunchImage;
				INFOPLIST_FILE = "Swift Sorcerers Apprentice/Info.plist";
				LD_RUNPATH_SEARCH_PATHS = "$(inherited) @executable_path/Frameworks";
				PRODUCT_NAME = "$(TARGET_NAME)";
			};
			name = Debug;
		};
		FA6C0ECC19568E9B004509FB /* Release */ = {
			isa = XCBuildConfiguration;
			buildSettings = {
				ASSETCATALOG_COMPILER_APPICON_NAME = AppIcon;
				ASSETCATALOG_COMPILER_LAUNCHIMAGE_NAME = LaunchImage;
				INFOPLIST_FILE = "Swift Sorcerers Apprentice/Info.plist";
				LD_RUNPATH_SEARCH_PATHS = "$(inherited) @executable_path/Frameworks";
				PRODUCT_NAME = "$(TARGET_NAME)";
			};
			name = Release;
		};
		FA6C0ECE19568E9B004509FB /* Debug */ = {
			isa = XCBuildConfiguration;
			buildSettings = {
				BUNDLE_LOADER = "$(BUILT_PRODUCTS_DIR)/Swift Sorcerers Apprentice.app/Swift Sorcerers Apprentice";
				FRAMEWORK_SEARCH_PATHS = (
					"$(SDKROOT)/Developer/Library/Frameworks",
					"$(inherited)",
				);
				GCC_PREPROCESSOR_DEFINITIONS = (
					"DEBUG=1",
					"$(inherited)",
				);
				INFOPLIST_FILE = "Swift Sorcerers ApprenticeTests/Info.plist";
				LD_RUNPATH_SEARCH_PATHS = "$(inherited) @executable_path/Frameworks @loader_path/Frameworks";
				METAL_ENABLE_DEBUG_INFO = YES;
				PRODUCT_NAME = "$(TARGET_NAME)";
				TEST_HOST = "$(BUNDLE_LOADER)";
			};
			name = Debug;
		};
		FA6C0ECF19568E9B004509FB /* Release */ = {
			isa = XCBuildConfiguration;
			buildSettings = {
				BUNDLE_LOADER = "$(BUILT_PRODUCTS_DIR)/Swift Sorcerers Apprentice.app/Swift Sorcerers Apprentice";
				FRAMEWORK_SEARCH_PATHS = (
					"$(SDKROOT)/Developer/Library/Frameworks",
					"$(inherited)",
				);
				INFOPLIST_FILE = "Swift Sorcerers ApprenticeTests/Info.plist";
				LD_RUNPATH_SEARCH_PATHS = "$(inherited) @executable_path/Frameworks @loader_path/Frameworks";
				METAL_ENABLE_DEBUG_INFO = NO;
				PRODUCT_NAME = "$(TARGET_NAME)";
				TEST_HOST = "$(BUNDLE_LOADER)";
			};
			name = Release;
		};
/* End XCBuildConfiguration section */

/* Begin XCConfigurationList section */
		FA6C0EA919568E9B004509FB /* Build configuration list for PBXProject "Swift Sorcerers Apprentice" */ = {
			isa = XCConfigurationList;
			buildConfigurations = (
				FA6C0EC819568E9B004509FB /* Debug */,
				FA6C0EC919568E9B004509FB /* Release */,
			);
			defaultConfigurationIsVisible = 0;
			defaultConfigurationName = Release;
		};
		FA6C0ECA19568E9B004509FB /* Build configuration list for PBXNativeTarget "Swift Sorcerers Apprentice" */ = {
			isa = XCConfigurationList;
			buildConfigurations = (
				FA6C0ECB19568E9B004509FB /* Debug */,
				FA6C0ECC19568E9B004509FB /* Release */,
			);
			defaultConfigurationIsVisible = 0;
			defaultConfigurationName = Release;
		};
		FA6C0ECD19568E9B004509FB /* Build configuration list for PBXNativeTarget "Swift Sorcerers ApprenticeTests" */ = {
			isa = XCConfigurationList;
			buildConfigurations = (
				FA6C0ECE19568E9B004509FB /* Debug */,
				FA6C0ECF19568E9B004509FB /* Release */,
			);
			defaultConfigurationIsVisible = 0;
			defaultConfigurationName = Release;
		};
/* End XCConfigurationList section */
	};
	rootObject = FA6C0EA619568E9B004509FB /* Project object */;
}
